// !$*UTF8*$!
{
	archiveVersion = 1;
	classes = {
	};
	objectVersion = 50;
	objects = {

/* Begin PBXBuildFile section */
		42397947214114D9005F4D20 /* AppDelegate.swift in Sources */ = {isa = PBXBuildFile; fileRef = 42397946214114D9005F4D20 /* AppDelegate.swift */; };
		42397949214114D9005F4D20 /* ViewController.swift in Sources */ = {isa = PBXBuildFile; fileRef = 42397948214114D9005F4D20 /* ViewController.swift */; };
		4239794C214114D9005F4D20 /* Main.storyboard in Resources */ = {isa = PBXBuildFile; fileRef = 4239794A214114D9005F4D20 /* Main.storyboard */; };
		4239794E214114D9005F4D20 /* Assets.xcassets in Resources */ = {isa = PBXBuildFile; fileRef = 4239794D214114D9005F4D20 /* Assets.xcassets */; };
		42397951214114D9005F4D20 /* LaunchScreen.storyboard in Resources */ = {isa = PBXBuildFile; fileRef = 4239794F214114D9005F4D20 /* LaunchScreen.storyboard */; };
		4239795C214114DA005F4D20 /* HeadImageInTableViewTests.swift in Sources */ = {isa = PBXBuildFile; fileRef = 4239795B214114DA005F4D20 /* HeadImageInTableViewTests.swift */; };
		42397967214114DA005F4D20 /* HeadImageInTableViewUITests.swift in Sources */ = {isa = PBXBuildFile; fileRef = 42397966214114DA005F4D20 /* HeadImageInTableViewUITests.swift */; };
		423979762141155C005F4D20 /* BaseInfoCell.swift in Sources */ = {isa = PBXBuildFile; fileRef = 423979742141155C005F4D20 /* BaseInfoCell.swift */; };
		423979772141155C005F4D20 /* BaseInfoCell.xib in Resources */ = {isa = PBXBuildFile; fileRef = 423979752141155C005F4D20 /* BaseInfoCell.xib */; };
		42B69C9321413EAC0056ADE2 /* UINavigationBar+Alpha.swift in Sources */ = {isa = PBXBuildFile; fileRef = 42B69C9221413EAC0056ADE2 /* UINavigationBar+Alpha.swift */; };
/* End PBXBuildFile section */

/* Begin PBXContainerItemProxy section */
		42397958214114DA005F4D20 /* PBXContainerItemProxy */ = {
			isa = PBXContainerItemProxy;
			containerPortal = 4239793B214114D9005F4D20 /* Project object */;
			proxyType = 1;
			remoteGlobalIDString = 42397942214114D9005F4D20;
			remoteInfo = HeadImageInTableView;
		};
		42397963214114DA005F4D20 /* PBXContainerItemProxy */ = {
			isa = PBXContainerItemProxy;
			containerPortal = 4239793B214114D9005F4D20 /* Project object */;
			proxyType = 1;
			remoteGlobalIDString = 42397942214114D9005F4D20;
			remoteInfo = HeadImageInTableView;
		};
/* End PBXContainerItemProxy section */

/* Begin PBXFileReference section */
		42397943214114D9005F4D20 /* HeadImageInTableView.app */ = {isa = PBXFileReference; explicitFileType = wrapper.application; includeInIndex = 0; path = HeadImageInTableView.app; sourceTree = BUILT_PRODUCTS_DIR; };
		42397946214114D9005F4D20 /* AppDelegate.swift */ = {isa = PBXFileReference; lastKnownFileType = sourcecode.swift; path = AppDelegate.swift; sourceTree = "<group>"; };
		42397948214114D9005F4D20 /* ViewController.swift */ = {isa = PBXFileReference; lastKnownFileType = sourcecode.swift; path = ViewController.swift; sourceTree = "<group>"; };
		4239794B214114D9005F4D20 /* Base */ = {isa = PBXFileReference; lastKnownFileType = file.storyboard; name = Base; path = Base.lproj/Main.storyboard; sourceTree = "<group>"; };
		4239794D214114D9005F4D20 /* Assets.xcassets */ = {isa = PBXFileReference; lastKnownFileType = folder.assetcatalog; path = Assets.xcassets; sourceTree = "<group>"; };
		42397950214114D9005F4D20 /* Base */ = {isa = PBXFileReference; lastKnownFileType = file.storyboard; name = Base; path = Base.lproj/LaunchScreen.storyboard; sourceTree = "<group>"; };
		42397952214114D9005F4D20 /* Info.plist */ = {isa = PBXFileReference; lastKnownFileType = text.plist.xml; path = Info.plist; sourceTree = "<group>"; };
		42397957214114DA005F4D20 /* HeadImageInTableViewTests.xctest */ = {isa = PBXFileReference; explicitFileType = wrapper.cfbundle; includeInIndex = 0; path = HeadImageInTableViewTests.xctest; sourceTree = BUILT_PRODUCTS_DIR; };
		4239795B214114DA005F4D20 /* HeadImageInTableViewTests.swift */ = {isa = PBXFileReference; lastKnownFileType = sourcecode.swift; path = HeadImageInTableViewTests.swift; sourceTree = "<group>"; };
		4239795D214114DA005F4D20 /* Info.plist */ = {isa = PBXFileReference; lastKnownFileType = text.plist.xml; path = Info.plist; sourceTree = "<group>"; };
		42397962214114DA005F4D20 /* HeadImageInTableViewUITests.xctest */ = {isa = PBXFileReference; explicitFileType = wrapper.cfbundle; includeInIndex = 0; path = HeadImageInTableViewUITests.xctest; sourceTree = BUILT_PRODUCTS_DIR; };
		42397966214114DA005F4D20 /* HeadImageInTableViewUITests.swift */ = {isa = PBXFileReference; lastKnownFileType = sourcecode.swift; path = HeadImageInTableViewUITests.swift; sourceTree = "<group>"; };
		42397968214114DA005F4D20 /* Info.plist */ = {isa = PBXFileReference; lastKnownFileType = text.plist.xml; path = Info.plist; sourceTree = "<group>"; };
		423979742141155C005F4D20 /* BaseInfoCell.swift */ = {isa = PBXFileReference; fileEncoding = 4; lastKnownFileType = sourcecode.swift; path = BaseInfoCell.swift; sourceTree = "<group>"; };
		423979752141155C005F4D20 /* BaseInfoCell.xib */ = {isa = PBXFileReference; fileEncoding = 4; lastKnownFileType = file.xib; path = BaseInfoCell.xib; sourceTree = "<group>"; };
		42B69C9221413EAC0056ADE2 /* UINavigationBar+Alpha.swift */ = {isa = PBXFileReference; lastKnownFileType = sourcecode.swift; path = "UINavigationBar+Alpha.swift"; sourceTree = "<group>"; };
/* End PBXFileReference section */

/* Begin PBXFrameworksBuildPhase section */
		42397940214114D9005F4D20 /* Frameworks */ = {
			isa = PBXFrameworksBuildPhase;
			buildActionMask = 2147483647;
			files = (
			);
			runOnlyForDeploymentPostprocessing = 0;
		};
		42397954214114DA005F4D20 /* Frameworks */ = {
			isa = PBXFrameworksBuildPhase;
			buildActionMask = 2147483647;
			files = (
			);
			runOnlyForDeploymentPostprocessing = 0;
		};
		4239795F214114DA005F4D20 /* Frameworks */ = {
			isa = PBXFrameworksBuildPhase;
			buildActionMask = 2147483647;
			files = (
			);
			runOnlyForDeploymentPostprocessing = 0;
		};
/* End PBXFrameworksBuildPhase section */

/* Begin PBXGroup section */
		4239793A214114D9005F4D20 = {
			isa = PBXGroup;
			children = (
				42397945214114D9005F4D20 /* HeadImageInTableView */,
				4239795A214114DA005F4D20 /* HeadImageInTableViewTests */,
				42397965214114DA005F4D20 /* HeadImageInTableViewUITests */,
				42397944214114D9005F4D20 /* Products */,
			);
			sourceTree = "<group>";
		};
		42397944214114D9005F4D20 /* Products */ = {
			isa = PBXGroup;
			children = (
				42397943214114D9005F4D20 /* HeadImageInTableView.app */,
				42397957214114DA005F4D20 /* HeadImageInTableViewTests.xctest */,
				42397962214114DA005F4D20 /* HeadImageInTableViewUITests.xctest */,
			);
			name = Products;
			sourceTree = "<group>";
		};
		42397945214114D9005F4D20 /* HeadImageInTableView */ = {
			isa = PBXGroup;
			children = (
				42397946214114D9005F4D20 /* AppDelegate.swift */,
				42397948214114D9005F4D20 /* ViewController.swift */,
				42B69C9221413EAC0056ADE2 /* UINavigationBar+Alpha.swift */,
				423979742141155C005F4D20 /* BaseInfoCell.swift */,
				423979752141155C005F4D20 /* BaseInfoCell.xib */,
				4239794A214114D9005F4D20 /* Main.storyboard */,
				4239794D214114D9005F4D20 /* Assets.xcassets */,
				4239794F214114D9005F4D20 /* LaunchScreen.storyboard */,
				42397952214114D9005F4D20 /* Info.plist */,
			);
			path = HeadImageInTableView;
			sourceTree = "<group>";
		};
		4239795A214114DA005F4D20 /* HeadImageInTableViewTests */ = {
			isa = PBXGroup;
			children = (
				4239795B214114DA005F4D20 /* HeadImageInTableViewTests.swift */,
				4239795D214114DA005F4D20 /* Info.plist */,
			);
			path = HeadImageInTableViewTests;
			sourceTree = "<group>";
		};
		42397965214114DA005F4D20 /* HeadImageInTableViewUITests */ = {
			isa = PBXGroup;
			children = (
				42397966214114DA005F4D20 /* HeadImageInTableViewUITests.swift */,
				42397968214114DA005F4D20 /* Info.plist */,
			);
			path = HeadImageInTableViewUITests;
			sourceTree = "<group>";
		};
/* End PBXGroup section */

/* Begin PBXNativeTarget section */
		42397942214114D9005F4D20 /* HeadImageInTableView */ = {
			isa = PBXNativeTarget;
			buildConfigurationList = 4239796B214114DA005F4D20 /* Build configuration list for PBXNativeTarget "HeadImageInTableView" */;
			buildPhases = (
				4239793F214114D9005F4D20 /* Sources */,
				42397940214114D9005F4D20 /* Frameworks */,
				42397941214114D9005F4D20 /* Resources */,
			);
			buildRules = (
			);
			dependencies = (
			);
			name = HeadImageInTableView;
			productName = HeadImageInTableView;
			productReference = 42397943214114D9005F4D20 /* HeadImageInTableView.app */;
			productType = "com.apple.product-type.application";
		};
		42397956214114DA005F4D20 /* HeadImageInTableViewTests */ = {
			isa = PBXNativeTarget;
			buildConfigurationList = 4239796E214114DA005F4D20 /* Build configuration list for PBXNativeTarget "HeadImageInTableViewTests" */;
			buildPhases = (
				42397953214114DA005F4D20 /* Sources */,
				42397954214114DA005F4D20 /* Frameworks */,
				42397955214114DA005F4D20 /* Resources */,
			);
			buildRules = (
			);
			dependencies = (
				42397959214114DA005F4D20 /* PBXTargetDependency */,
			);
			name = HeadImageInTableViewTests;
			productName = HeadImageInTableViewTests;
			productReference = 42397957214114DA005F4D20 /* HeadImageInTableViewTests.xctest */;
			productType = "com.apple.product-type.bundle.unit-test";
		};
		42397961214114DA005F4D20 /* HeadImageInTableViewUITests */ = {
			isa = PBXNativeTarget;
			buildConfigurationList = 42397971214114DA005F4D20 /* Build configuration list for PBXNativeTarget "HeadImageInTableViewUITests" */;
			buildPhases = (
				4239795E214114DA005F4D20 /* Sources */,
				4239795F214114DA005F4D20 /* Frameworks */,
				42397960214114DA005F4D20 /* Resources */,
			);
			buildRules = (
			);
			dependencies = (
				42397964214114DA005F4D20 /* PBXTargetDependency */,
			);
			name = HeadImageInTableViewUITests;
			productName = HeadImageInTableViewUITests;
			productReference = 42397962214114DA005F4D20 /* HeadImageInTableViewUITests.xctest */;
			productType = "com.apple.product-type.bundle.ui-testing";
		};
/* End PBXNativeTarget section */

/* Begin PBXProject section */
		4239793B214114D9005F4D20 /* Project object */ = {
			isa = PBXProject;
			attributes = {
				LastSwiftUpdateCheck = 0940;
				LastUpgradeCheck = 0940;
				ORGANIZATIONNAME = "李家斌";
				TargetAttributes = {
					42397942214114D9005F4D20 = {
						CreatedOnToolsVersion = 9.4.1;
					};
					42397956214114DA005F4D20 = {
						CreatedOnToolsVersion = 9.4.1;
						TestTargetID = 42397942214114D9005F4D20;
					};
					42397961214114DA005F4D20 = {
						CreatedOnToolsVersion = 9.4.1;
						TestTargetID = 42397942214114D9005F4D20;
					};
				};
			};
			buildConfigurationList = 4239793E214114D9005F4D20 /* Build configuration list for PBXProject "HeadImageInTableView" */;
			compatibilityVersion = "Xcode 9.3";
			developmentRegion = en;
			hasScannedForEncodings = 0;
			knownRegions = (
				en,
				Base,
			);
			mainGroup = 4239793A214114D9005F4D20;
			productRefGroup = 42397944214114D9005F4D20 /* Products */;
			projectDirPath = "";
			projectRoot = "";
			targets = (
				42397942214114D9005F4D20 /* HeadImageInTableView */,
				42397956214114DA005F4D20 /* HeadImageInTableViewTests */,
				42397961214114DA005F4D20 /* HeadImageInTableViewUITests */,
			);
		};
/* End PBXProject section */

/* Begin PBXResourcesBuildPhase section */
		42397941214114D9005F4D20 /* Resources */ = {
			isa = PBXResourcesBuildPhase;
			buildActionMask = 2147483647;
			files = (
				423979772141155C005F4D20 /* BaseInfoCell.xib in Resources */,
				42397951214114D9005F4D20 /* LaunchScreen.storyboard in Resources */,
				4239794E214114D9005F4D20 /* Assets.xcassets in Resources */,
				4239794C214114D9005F4D20 /* Main.storyboard in Resources */,
			);
			runOnlyForDeploymentPostprocessing = 0;
		};
		42397955214114DA005F4D20 /* Resources */ = {
			isa = PBXResourcesBuildPhase;
			buildActionMask = 2147483647;
			files = (
			);
			runOnlyForDeploymentPostprocessing = 0;
		};
		42397960214114DA005F4D20 /* Resources */ = {
			isa = PBXResourcesBuildPhase;
			buildActionMask = 2147483647;
			files = (
			);
			runOnlyForDeploymentPostprocessing = 0;
		};
/* End PBXResourcesBuildPhase section */

/* Begin PBXSourcesBuildPhase section */
		4239793F214114D9005F4D20 /* Sources */ = {
			isa = PBXSourcesBuildPhase;
			buildActionMask = 2147483647;
			files = (
				423979762141155C005F4D20 /* BaseInfoCell.swift in Sources */,
				42397949214114D9005F4D20 /* ViewController.swift in Sources */,
				42B69C9321413EAC0056ADE2 /* UINavigationBar+Alpha.swift in Sources */,
				42397947214114D9005F4D20 /* AppDelegate.swift in Sources */,
			);
			runOnlyForDeploymentPostprocessing = 0;
		};
		42397953214114DA005F4D20 /* Sources */ = {
			isa = PBXSourcesBuildPhase;
			buildActionMask = 2147483647;
			files = (
				4239795C214114DA005F4D20 /* HeadImageInTableViewTests.swift in Sources */,
			);
			runOnlyForDeploymentPostprocessing = 0;
		};
		4239795E214114DA005F4D20 /* Sources */ = {
			isa = PBXSourcesBuildPhase;
			buildActionMask = 2147483647;
			files = (
				42397967214114DA005F4D20 /* HeadImageInTableViewUITests.swift in Sources */,
			);
			runOnlyForDeploymentPostprocessing = 0;
		};
/* End PBXSourcesBuildPhase section */

/* Begin PBXTargetDependency section */
		42397959214114DA005F4D20 /* PBXTargetDependency */ = {
			isa = PBXTargetDependency;
			target = 42397942214114D9005F4D20 /* HeadImageInTableView */;
			targetProxy = 42397958214114DA005F4D20 /* PBXContainerItemProxy */;
		};
		42397964214114DA005F4D20 /* PBXTargetDependency */ = {
			isa = PBXTargetDependency;
			target = 42397942214114D9005F4D20 /* HeadImageInTableView */;
			targetProxy = 42397963214114DA005F4D20 /* PBXContainerItemProxy */;
		};
/* End PBXTargetDependency section */

/* Begin PBXVariantGroup section */
		4239794A214114D9005F4D20 /* Main.storyboard */ = {
			isa = PBXVariantGroup;
			children = (
				4239794B214114D9005F4D20 /* Base */,
			);
			name = Main.storyboard;
			sourceTree = "<group>";
		};
		4239794F214114D9005F4D20 /* LaunchScreen.storyboard */ = {
			isa = PBXVariantGroup;
			children = (
				42397950214114D9005F4D20 /* Base */,
			);
			name = LaunchScreen.storyboard;
			sourceTree = "<group>";
		};
/* End PBXVariantGroup section */

/* Begin XCBuildConfiguration section */
		42397969214114DA005F4D20 /* Debug */ = {
			isa = XCBuildConfiguration;
			buildSettings = {
				ALWAYS_SEARCH_USER_PATHS = NO;
				CLANG_ANALYZER_NONNULL = YES;
				CLANG_ANALYZER_NUMBER_OBJECT_CONVERSION = YES_AGGRESSIVE;
				CLANG_CXX_LANGUAGE_STANDARD = "gnu++14";
				CLANG_CXX_LIBRARY = "libc++";
				CLANG_ENABLE_MODULES = YES;
				CLANG_ENABLE_OBJC_ARC = YES;
				CLANG_ENABLE_OBJC_WEAK = YES;
				CLANG_WARN_BLOCK_CAPTURE_AUTORELEASING = YES;
				CLANG_WARN_BOOL_CONVERSION = YES;
				CLANG_WARN_COMMA = YES;
				CLANG_WARN_CONSTANT_CONVERSION = YES;
				CLANG_WARN_DEPRECATED_OBJC_IMPLEMENTATIONS = YES;
				CLANG_WARN_DIRECT_OBJC_ISA_USAGE = YES_ERROR;
				CLANG_WARN_DOCUMENTATION_COMMENTS = YES;
				CLANG_WARN_EMPTY_BODY = YES;
				CLANG_WARN_ENUM_CONVERSION = YES;
				CLANG_WARN_INFINITE_RECURSION = YES;
				CLANG_WARN_INT_CONVERSION = YES;
				CLANG_WARN_NON_LITERAL_NULL_CONVERSION = YES;
				CLANG_WARN_OBJC_IMPLICIT_RETAIN_SELF = YES;
				CLANG_WARN_OBJC_LITERAL_CONVERSION = YES;
				CLANG_WARN_OBJC_ROOT_CLASS = YES_ERROR;
				CLANG_WARN_RANGE_LOOP_ANALYSIS = YES;
				CLANG_WARN_STRICT_PROTOTYPES = YES;
				CLANG_WARN_SUSPICIOUS_MOVE = YES;
				CLANG_WARN_UNGUARDED_AVAILABILITY = YES_AGGRESSIVE;
				CLANG_WARN_UNREACHABLE_CODE = YES;
				CLANG_WARN__DUPLICATE_METHOD_MATCH = YES;
				CODE_SIGN_IDENTITY = "iPhone Developer";
				COPY_PHASE_STRIP = NO;
				DEBUG_INFORMATION_FORMAT = dwarf;
				ENABLE_STRICT_OBJC_MSGSEND = YES;
				ENABLE_TESTABILITY = YES;
				GCC_C_LANGUAGE_STANDARD = gnu11;
				GCC_DYNAMIC_NO_PIC = NO;
				GCC_NO_COMMON_BLOCKS = YES;
				GCC_OPTIMIZATION_LEVEL = 0;
				GCC_PREPROCESSOR_DEFINITIONS = (
					"DEBUG=1",
					"$(inherited)",
				);
				GCC_WARN_64_TO_32_BIT_CONVERSION = YES;
				GCC_WARN_ABOUT_RETURN_TYPE = YES_ERROR;
				GCC_WARN_UNDECLARED_SELECTOR = YES;
				GCC_WARN_UNINITIALIZED_AUTOS = YES_AGGRESSIVE;
				GCC_WARN_UNUSED_FUNCTION = YES;
				GCC_WARN_UNUSED_VARIABLE = YES;
				IPHONEOS_DEPLOYMENT_TARGET = 11.4;
				MTL_ENABLE_DEBUG_INFO = YES;
				ONLY_ACTIVE_ARCH = YES;
				SDKROOT = iphoneos;
				SWIFT_ACTIVE_COMPILATION_CONDITIONS = DEBUG;
				SWIFT_OPTIMIZATION_LEVEL = "-Onone";
			};
			name = Debug;
		};
		4239796A214114DA005F4D20 /* Release */ = {
			isa = XCBuildConfiguration;
			buildSettings = {
				ALWAYS_SEARCH_USER_PATHS = NO;
				CLANG_ANALYZER_NONNULL = YES;
				CLANG_ANALYZER_NUMBER_OBJECT_CONVERSION = YES_AGGRESSIVE;
				CLANG_CXX_LANGUAGE_STANDARD = "gnu++14";
				CLANG_CXX_LIBRARY = "libc++";
				CLANG_ENABLE_MODULES = YES;
				CLANG_ENABLE_OBJC_ARC = YES;
				CLANG_ENABLE_OBJC_WEAK = YES;
				CLANG_WARN_BLOCK_CAPTURE_AUTORELEASING = YES;
				CLANG_WARN_BOOL_CONVERSION = YES;
				CLANG_WARN_COMMA = YES;
				CLANG_WARN_CONSTANT_CONVERSION = YES;
				CLANG_WARN_DEPRECATED_OBJC_IMPLEMENTATIONS = YES;
				CLANG_WARN_DIRECT_OBJC_ISA_USAGE = YES_ERROR;
				CLANG_WARN_DOCUMENTATION_COMMENTS = YES;
				CLANG_WARN_EMPTY_BODY = YES;
				CLANG_WARN_ENUM_CONVERSION = YES;
				CLANG_WARN_INFINITE_RECURSION = YES;
				CLANG_WARN_INT_CONVERSION = YES;
				CLANG_WARN_NON_LITERAL_NULL_CONVERSION = YES;
				CLANG_WARN_OBJC_IMPLICIT_RETAIN_SELF = YES;
				CLANG_WARN_OBJC_LITERAL_CONVERSION = YES;
				CLANG_WARN_OBJC_ROOT_CLASS = YES_ERROR;
				CLANG_WARN_RANGE_LOOP_ANALYSIS = YES;
				CLANG_WARN_STRICT_PROTOTYPES = YES;
				CLANG_WARN_SUSPICIOUS_MOVE = YES;
				CLANG_WARN_UNGUARDED_AVAILABILITY = YES_AGGRESSIVE;
				CLANG_WARN_UNREACHABLE_CODE = YES;
				CLANG_WARN__DUPLICATE_METHOD_MATCH = YES;
				CODE_SIGN_IDENTITY = "iPhone Developer";
				COPY_PHASE_STRIP = NO;
				DEBUG_INFORMATION_FORMAT = "dwarf-with-dsym";
				ENABLE_NS_ASSERTIONS = NO;
				ENABLE_STRICT_OBJC_MSGSEND = YES;
				GCC_C_LANGUAGE_STANDARD = gnu11;
				GCC_NO_COMMON_BLOCKS = YES;
				GCC_WARN_64_TO_32_BIT_CONVERSION = YES;
				GCC_WARN_ABOUT_RETURN_TYPE = YES_ERROR;
				GCC_WARN_UNDECLARED_SELECTOR = YES;
				GCC_WARN_UNINITIALIZED_AUTOS = YES_AGGRESSIVE;
				GCC_WARN_UNUSED_FUNCTION = YES;
				GCC_WARN_UNUSED_VARIABLE = YES;
				IPHONEOS_DEPLOYMENT_TARGET = 11.4;
				MTL_ENABLE_DEBUG_INFO = NO;
				SDKROOT = iphoneos;
				SWIFT_COMPILATION_MODE = wholemodule;
				SWIFT_OPTIMIZATION_LEVEL = "-O";
				VALIDATE_PRODUCT = YES;
			};
			name = Release;
		};
		4239796C214114DA005F4D20 /* Debug */ = {
			isa = XCBuildConfiguration;
			buildSettings = {
				ASSETCATALOG_COMPILER_APPICON_NAME = AppIcon;
				CODE_SIGN_STYLE = Automatic;
				DEVELOPMENT_TEAM = 43959S3Q89;
				INFOPLIST_FILE = HeadImageInTableView/Info.plist;
				IPHONEOS_DEPLOYMENT_TARGET = 9.0;
				LD_RUNPATH_SEARCH_PATHS = (
					"$(inherited)",
					"@executable_path/Frameworks",
				);
				PRODUCT_BUNDLE_IDENTIFIER = com.lijiabin.test.HeadImageInTableView;
				PRODUCT_NAME = "$(TARGET_NAME)";
				SWIFT_VERSION = 4.0;
				TARGETED_DEVICE_FAMILY = "1,2";
			};
			name = Debug;
		};
		4239796D214114DA005F4D20 /* Release */ = {
			isa = XCBuildConfiguration;
			buildSettings = {
				ASSETCATALOG_COMPILER_APPICON_NAME = AppIcon;
				CODE_SIGN_STYLE = Automatic;
				DEVELOPMENT_TEAM = 43959S3Q89;
				INFOPLIST_FILE = HeadImageInTableView/Info.plist;
				IPHONEOS_DEPLOYMENT_TARGET = 9.0;
				LD_RUNPATH_SEARCH_PATHS = (
					"$(inherited)",
					"@executable_path/Frameworks",
				);
				PRODUCT_BUNDLE_IDENTIFIER = com.lijiabin.test.HeadImageInTableView;
				PRODUCT_NAME = "$(TARGET_NAME)";
				SWIFT_VERSION = 4.0;
				TARGETED_DEVICE_FAMILY = "1,2";
			};
			name = Release;
		};
		4239796F214114DA005F4D20 /* Debug */ = {
			isa = XCBuildConfiguration;
			buildSettings = {
				ALWAYS_EMBED_SWIFT_STANDARD_LIBRARIES = YES;
				BUNDLE_LOADER = "$(TEST_HOST)";
				CODE_SIGN_STYLE = Automatic;
				DEVELOPMENT_TEAM = 43959S3Q89;
				INFOPLIST_FILE = HeadImageInTableViewTests/Info.plist;
				LD_RUNPATH_SEARCH_PATHS = (
					"$(inherited)",
					"@executable_path/Frameworks",
					"@loader_path/Frameworks",
				);
				PRODUCT_BUNDLE_IDENTIFIER = com.lijiabin.test.HeadImageInTableViewTests;
				PRODUCT_NAME = "$(TARGET_NAME)";
				SWIFT_VERSION = 4.0;
				TARGETED_DEVICE_FAMILY = "1,2";
				TEST_HOST = "$(BUILT_PRODUCTS_DIR)/HeadImageInTableView.app/HeadImageInTableView";
			};
			name = Debug;
		};
		42397970214114DA005F4D20 /* Release */ = {
			isa = XCBuildConfiguration;
			buildSettings = {
				ALWAYS_EMBED_SWIFT_STANDARD_LIBRARIES = YES;
				BUNDLE_LOADER = "$(TEST_HOST)";
				CODE_SIGN_STYLE = Automatic;
				DEVELOPMENT_TEAM = 43959S3Q89;
				INFOPLIST_FILE = HeadImageInTableViewTests/Info.plist;
				LD_RUNPATH_SEARCH_PATHS = (
					"$(inherited)",
					"@executable_path/Frameworks",
					"@loader_path/Frameworks",
				);
				PRODUCT_BUNDLE_IDENTIFIER = com.lijiabin.test.HeadImageInTableViewTests;
				PRODUCT_NAME = "$(TARGET_NAME)";
				SWIFT_VERSION = 4.0;
				TARGETED_DEVICE_FAMILY = "1,2";
				TEST_HOST = "$(BUILT_PRODUCTS_DIR)/HeadImageInTableView.app/HeadImageInTableView";
			};
			name = Release;
		};
		42397972214114DA005F4D20 /* Debug */ = {
			isa = XCBuildConfiguration;
			buildSettings = {
				ALWAYS_EMBED_SWIFT_STANDARD_LIBRARIES = YES;
				CODE_SIGN_STYLE = Automatic;
				DEVELOPMENT_TEAM = 43959S3Q89;
				INFOPLIST_FILE = HeadImageInTableViewUITests/Info.plist;
				LD_RUNPATH_SEARCH_PATHS = (
					"$(inherited)",
					"@executable_path/Frameworks",
					"@loader_path/Frameworks",
				);
				PRODUCT_BUNDLE_IDENTIFIER = com.lijiabin.test.HeadImageInTableViewUITests;
				PRODUCT_NAME = "$(TARGET_NAME)";
				SWIFT_VERSION = 4.0;
				TARGETED_DEVICE_FAMILY = "1,2";
				TEST_TARGET_NAME = HeadImageInTableView;
			};
			name = Debug;
		};
		42397973214114DA005F4D20 /* Release */ = {
			isa = XCBuildConfiguration;
			buildSettings = {
				ALWAYS_EMBED_SWIFT_STANDARD_LIBRARIES = YES;
				CODE_SIGN_STYLE = Automatic;
				DEVELOPMENT_TEAM = 43959S3Q89;
				INFOPLIST_FILE = HeadImageInTableViewUITests/Info.plist;
				LD_RUNPATH_SEARCH_PATHS = (
					"$(inherited)",
					"@executable_path/Frameworks",
					"@loader_path/Frameworks",
				);
				PRODUCT_BUNDLE_IDENTIFIER = com.lijiabin.test.HeadImageInTableViewUITests;
				PRODUCT_NAME = "$(TARGET_NAME)";
				SWIFT_VERSION = 4.0;
				TARGETED_DEVICE_FAMILY = "1,2";
				TEST_TARGET_NAME = HeadImageInTableView;
			};
			name = Release;
		};
/* End XCBuildConfiguration section */

/* Begin XCConfigurationList section */
		4239793E214114D9005F4D20 /* Build configuration list for PBXProject "HeadImageInTableView" */ = {
			isa = XCConfigurationList;
			buildConfigurations = (
				42397969214114DA005F4D20 /* Debug */,
				4239796A214114DA005F4D20 /* Release */,
			);
			defaultConfigurationIsVisible = 0;
			defaultConfigurationName = Release;
		};
		4239796B214114DA005F4D20 /* Build configuration list for PBXNativeTarget "HeadImageInTableView" */ = {
			isa = XCConfigurationList;
			buildConfigurations = (
				4239796C214114DA005F4D20 /* Debug */,
				4239796D214114DA005F4D20 /* Release */,
			);
			defaultConfigurationIsVisible = 0;
			defaultConfigurationName = Release;
		};
		4239796E214114DA005F4D20 /* Build configuration list for PBXNativeTarget "HeadImageInTableViewTests" */ = {
			isa = XCConfigurationList;
			buildConfigurations = (
				4239796F214114DA005F4D20 /* Debug */,
				42397970214114DA005F4D20 /* Release */,
			);
			defaultConfigurationIsVisible = 0;
			defaultConfigurationName = Release;
		};
		42397971214114DA005F4D20 /* Build configuration list for PBXNativeTarget "HeadImageInTableViewUITests" */ = {
			isa = XCConfigurationList;
			buildConfigurations = (
				42397972214114DA005F4D20 /* Debug */,
				42397973214114DA005F4D20 /* Release */,
			);
			defaultConfigurationIsVisible = 0;
			defaultConfigurationName = Release;
		};
/* End XCConfigurationList section */
	};
	rootObject = 4239793B214114D9005F4D20 /* Project object */;
}
