// !$*UTF8*$!
{
	archiveVersion = 1;
	classes = {
	};
	objectVersion = 50;
	objects = {

/* Begin PBXBuildFile section */
		4239788F2140B911005F4D20 /* AppDelegate.swift in Sources */ = {isa = PBXBuildFile; fileRef = 4239788E2140B911005F4D20 /* AppDelegate.swift */; };
		423978912140B911005F4D20 /* ViewController.swift in Sources */ = {isa = PBXBuildFile; fileRef = 423978902140B911005F4D20 /* ViewController.swift */; };
		423978942140B911005F4D20 /* Main.storyboard in Resources */ = {isa = PBXBuildFile; fileRef = 423978922140B911005F4D20 /* Main.storyboard */; };
		423978962140B912005F4D20 /* Assets.xcassets in Resources */ = {isa = PBXBuildFile; fileRef = 423978952140B912005F4D20 /* Assets.xcassets */; };
		423978992140B912005F4D20 /* LaunchScreen.storyboard in Resources */ = {isa = PBXBuildFile; fileRef = 423978972140B912005F4D20 /* LaunchScreen.storyboard */; };
		423978A42140B912005F4D20 /* ADLoopViewDemoTests.swift in Sources */ = {isa = PBXBuildFile; fileRef = 423978A32140B912005F4D20 /* ADLoopViewDemoTests.swift */; };
		423978AF2140B912005F4D20 /* ADLoopViewDemoUITests.swift in Sources */ = {isa = PBXBuildFile; fileRef = 423978AE2140B912005F4D20 /* ADLoopViewDemoUITests.swift */; };
		423978BD2140B927005F4D20 /* ADLoopView.swift in Sources */ = {isa = PBXBuildFile; fileRef = 423978BC2140B926005F4D20 /* ADLoopView.swift */; };
/* End PBXBuildFile section */

/* Begin PBXContainerItemProxy section */
		423978A02140B912005F4D20 /* PBXContainerItemProxy */ = {
			isa = PBXContainerItemProxy;
			containerPortal = 423978832140B911005F4D20 /* Project object */;
			proxyType = 1;
			remoteGlobalIDString = 4239788A2140B911005F4D20;
			remoteInfo = ADLoopViewDemo;
		};
		423978AB2140B912005F4D20 /* PBXContainerItemProxy */ = {
			isa = PBXContainerItemProxy;
			containerPortal = 423978832140B911005F4D20 /* Project object */;
			proxyType = 1;
			remoteGlobalIDString = 4239788A2140B911005F4D20;
			remoteInfo = ADLoopViewDemo;
		};
/* End PBXContainerItemProxy section */

/* Begin PBXFileReference section */
		4239788B2140B911005F4D20 /* ADLoopViewDemo.app */ = {isa = PBXFileReference; explicitFileType = wrapper.application; includeInIndex = 0; path = ADLoopViewDemo.app; sourceTree = BUILT_PRODUCTS_DIR; };
		4239788E2140B911005F4D20 /* AppDelegate.swift */ = {isa = PBXFileReference; lastKnownFileType = sourcecode.swift; path = AppDelegate.swift; sourceTree = "<group>"; };
		423978902140B911005F4D20 /* ViewController.swift */ = {isa = PBXFileReference; lastKnownFileType = sourcecode.swift; path = ViewController.swift; sourceTree = "<group>"; };
		423978932140B911005F4D20 /* Base */ = {isa = PBXFileReference; lastKnownFileType = file.storyboard; name = Base; path = Base.lproj/Main.storyboard; sourceTree = "<group>"; };
		423978952140B912005F4D20 /* Assets.xcassets */ = {isa = PBXFileReference; lastKnownFileType = folder.assetcatalog; path = Assets.xcassets; sourceTree = "<group>"; };
		423978982140B912005F4D20 /* Base */ = {isa = PBXFileReference; lastKnownFileType = file.storyboard; name = Base; path = Base.lproj/LaunchScreen.storyboard; sourceTree = "<group>"; };
		4239789A2140B912005F4D20 /* Info.plist */ = {isa = PBXFileReference; lastKnownFileType = text.plist.xml; path = Info.plist; sourceTree = "<group>"; };
		4239789F2140B912005F4D20 /* ADLoopViewDemoTests.xctest */ = {isa = PBXFileReference; explicitFileType = wrapper.cfbundle; includeInIndex = 0; path = ADLoopViewDemoTests.xctest; sourceTree = BUILT_PRODUCTS_DIR; };
		423978A32140B912005F4D20 /* ADLoopViewDemoTests.swift */ = {isa = PBXFileReference; lastKnownFileType = sourcecode.swift; path = ADLoopViewDemoTests.swift; sourceTree = "<group>"; };
		423978A52140B912005F4D20 /* Info.plist */ = {isa = PBXFileReference; lastKnownFileType = text.plist.xml; path = Info.plist; sourceTree = "<group>"; };
		423978AA2140B912005F4D20 /* ADLoopViewDemoUITests.xctest */ = {isa = PBXFileReference; explicitFileType = wrapper.cfbundle; includeInIndex = 0; path = ADLoopViewDemoUITests.xctest; sourceTree = BUILT_PRODUCTS_DIR; };
		423978AE2140B912005F4D20 /* ADLoopViewDemoUITests.swift */ = {isa = PBXFileReference; lastKnownFileType = sourcecode.swift; path = ADLoopViewDemoUITests.swift; sourceTree = "<group>"; };
		423978B02140B912005F4D20 /* Info.plist */ = {isa = PBXFileReference; lastKnownFileType = text.plist.xml; path = Info.plist; sourceTree = "<group>"; };
		423978BC2140B926005F4D20 /* ADLoopView.swift */ = {isa = PBXFileReference; fileEncoding = 4; lastKnownFileType = sourcecode.swift; path = ADLoopView.swift; sourceTree = "<group>"; };
/* End PBXFileReference section */

/* Begin PBXFrameworksBuildPhase section */
		423978882140B911005F4D20 /* Frameworks */ = {
			isa = PBXFrameworksBuildPhase;
			buildActionMask = 2147483647;
			files = (
			);
			runOnlyForDeploymentPostprocessing = 0;
		};
		4239789C2140B912005F4D20 /* Frameworks */ = {
			isa = PBXFrameworksBuildPhase;
			buildActionMask = 2147483647;
			files = (
			);
			runOnlyForDeploymentPostprocessing = 0;
		};
		423978A72140B912005F4D20 /* Frameworks */ = {
			isa = PBXFrameworksBuildPhase;
			buildActionMask = 2147483647;
			files = (
			);
			runOnlyForDeploymentPostprocessing = 0;
		};
/* End PBXFrameworksBuildPhase section */

/* Begin PBXGroup section */
		423978822140B911005F4D20 = {
			isa = PBXGroup;
			children = (
				4239788D2140B911005F4D20 /* ADLoopViewDemo */,
				423978A22140B912005F4D20 /* ADLoopViewDemoTests */,
				423978AD2140B912005F4D20 /* ADLoopViewDemoUITests */,
				4239788C2140B911005F4D20 /* Products */,
			);
			sourceTree = "<group>";
		};
		4239788C2140B911005F4D20 /* Products */ = {
			isa = PBXGroup;
			children = (
				4239788B2140B911005F4D20 /* ADLoopViewDemo.app */,
				4239789F2140B912005F4D20 /* ADLoopViewDemoTests.xctest */,
				423978AA2140B912005F4D20 /* ADLoopViewDemoUITests.xctest */,
			);
			name = Products;
			sourceTree = "<group>";
		};
		4239788D2140B911005F4D20 /* ADLoopViewDemo */ = {
			isa = PBXGroup;
			children = (
				4239788E2140B911005F4D20 /* AppDelegate.swift */,
				423978902140B911005F4D20 /* ViewController.swift */,
				423978BC2140B926005F4D20 /* ADLoopView.swift */,
				423978922140B911005F4D20 /* Main.storyboard */,
				423978952140B912005F4D20 /* Assets.xcassets */,
				423978972140B912005F4D20 /* LaunchScreen.storyboard */,
				4239789A2140B912005F4D20 /* Info.plist */,
			);
			path = ADLoopViewDemo;
			sourceTree = "<group>";
		};
		423978A22140B912005F4D20 /* ADLoopViewDemoTests */ = {
			isa = PBXGroup;
			children = (
				423978A32140B912005F4D20 /* ADLoopViewDemoTests.swift */,
				423978A52140B912005F4D20 /* Info.plist */,
			);
			path = ADLoopViewDemoTests;
			sourceTree = "<group>";
		};
		423978AD2140B912005F4D20 /* ADLoopViewDemoUITests */ = {
			isa = PBXGroup;
			children = (
				423978AE2140B912005F4D20 /* ADLoopViewDemoUITests.swift */,
				423978B02140B912005F4D20 /* Info.plist */,
			);
			path = ADLoopViewDemoUITests;
			sourceTree = "<group>";
		};
/* End PBXGroup section */

/* Begin PBXNativeTarget section */
		4239788A2140B911005F4D20 /* ADLoopViewDemo */ = {
			isa = PBXNativeTarget;
			buildConfigurationList = 423978B32140B912005F4D20 /* Build configuration list for PBXNativeTarget "ADLoopViewDemo" */;
			buildPhases = (
				423978872140B911005F4D20 /* Sources */,
				423978882140B911005F4D20 /* Frameworks */,
				423978892140B911005F4D20 /* Resources */,
			);
			buildRules = (
			);
			dependencies = (
			);
			name = ADLoopViewDemo;
			productName = ADLoopViewDemo;
			productReference = 4239788B2140B911005F4D20 /* ADLoopViewDemo.app */;
			productType = "com.apple.product-type.application";
		};
		4239789E2140B912005F4D20 /* ADLoopViewDemoTests */ = {
			isa = PBXNativeTarget;
			buildConfigurationList = 423978B62140B912005F4D20 /* Build configuration list for PBXNativeTarget "ADLoopViewDemoTests" */;
			buildPhases = (
				4239789B2140B912005F4D20 /* Sources */,
				4239789C2140B912005F4D20 /* Frameworks */,
				4239789D2140B912005F4D20 /* Resources */,
			);
			buildRules = (
			);
			dependencies = (
				423978A12140B912005F4D20 /* PBXTargetDependency */,
			);
			name = ADLoopViewDemoTests;
			productName = ADLoopViewDemoTests;
			productReference = 4239789F2140B912005F4D20 /* ADLoopViewDemoTests.xctest */;
			productType = "com.apple.product-type.bundle.unit-test";
		};
		423978A92140B912005F4D20 /* ADLoopViewDemoUITests */ = {
			isa = PBXNativeTarget;
			buildConfigurationList = 423978B92140B912005F4D20 /* Build configuration list for PBXNativeTarget "ADLoopViewDemoUITests" */;
			buildPhases = (
				423978A62140B912005F4D20 /* Sources */,
				423978A72140B912005F4D20 /* Frameworks */,
				423978A82140B912005F4D20 /* Resources */,
			);
			buildRules = (
			);
			dependencies = (
				423978AC2140B912005F4D20 /* PBXTargetDependency */,
			);
			name = ADLoopViewDemoUITests;
			productName = ADLoopViewDemoUITests;
			productReference = 423978AA2140B912005F4D20 /* ADLoopViewDemoUITests.xctest */;
			productType = "com.apple.product-type.bundle.ui-testing";
		};
/* End PBXNativeTarget section */

/* Begin PBXProject section */
		423978832140B911005F4D20 /* Project object */ = {
			isa = PBXProject;
			attributes = {
				LastSwiftUpdateCheck = 0940;
				LastUpgradeCheck = 0940;
				ORGANIZATIONNAME = "李家斌";
				TargetAttributes = {
					4239788A2140B911005F4D20 = {
						CreatedOnToolsVersion = 9.4.1;
					};
					4239789E2140B912005F4D20 = {
						CreatedOnToolsVersion = 9.4.1;
						TestTargetID = 4239788A2140B911005F4D20;
					};
					423978A92140B912005F4D20 = {
						CreatedOnToolsVersion = 9.4.1;
						TestTargetID = 4239788A2140B911005F4D20;
					};
				};
			};
			buildConfigurationList = 423978862140B911005F4D20 /* Build configuration list for PBXProject "ADLoopViewDemo" */;
			compatibilityVersion = "Xcode 9.3";
			developmentRegion = en;
			hasScannedForEncodings = 0;
			knownRegions = (
				en,
				Base,
			);
			mainGroup = 423978822140B911005F4D20;
			productRefGroup = 4239788C2140B911005F4D20 /* Products */;
			projectDirPath = "";
			projectRoot = "";
			targets = (
				4239788A2140B911005F4D20 /* ADLoopViewDemo */,
				4239789E2140B912005F4D20 /* ADLoopViewDemoTests */,
				423978A92140B912005F4D20 /* ADLoopViewDemoUITests */,
			);
		};
/* End PBXProject section */

/* Begin PBXResourcesBuildPhase section */
		423978892140B911005F4D20 /* Resources */ = {
			isa = PBXResourcesBuildPhase;
			buildActionMask = 2147483647;
			files = (
				423978992140B912005F4D20 /* LaunchScreen.storyboard in Resources */,
				423978962140B912005F4D20 /* Assets.xcassets in Resources */,
				423978942140B911005F4D20 /* Main.storyboard in Resources */,
			);
			runOnlyForDeploymentPostprocessing = 0;
		};
		4239789D2140B912005F4D20 /* Resources */ = {
			isa = PBXResourcesBuildPhase;
			buildActionMask = 2147483647;
			files = (
			);
			runOnlyForDeploymentPostprocessing = 0;
		};
		423978A82140B912005F4D20 /* Resources */ = {
			isa = PBXResourcesBuildPhase;
			buildActionMask = 2147483647;
			files = (
			);
			runOnlyForDeploymentPostprocessing = 0;
		};
/* End PBXResourcesBuildPhase section */

/* Begin PBXSourcesBuildPhase section */
		423978872140B911005F4D20 /* Sources */ = {
			isa = PBXSourcesBuildPhase;
			buildActionMask = 2147483647;
			files = (
				423978BD2140B927005F4D20 /* ADLoopView.swift in Sources */,
				423978912140B911005F4D20 /* ViewController.swift in Sources */,
				4239788F2140B911005F4D20 /* AppDelegate.swift in Sources */,
			);
			runOnlyForDeploymentPostprocessing = 0;
		};
		4239789B2140B912005F4D20 /* Sources */ = {
			isa = PBXSourcesBuildPhase;
			buildActionMask = 2147483647;
			files = (
				423978A42140B912005F4D20 /* ADLoopViewDemoTests.swift in Sources */,
			);
			runOnlyForDeploymentPostprocessing = 0;
		};
		423978A62140B912005F4D20 /* Sources */ = {
			isa = PBXSourcesBuildPhase;
			buildActionMask = 2147483647;
			files = (
				423978AF2140B912005F4D20 /* ADLoopViewDemoUITests.swift in Sources */,
			);
			runOnlyForDeploymentPostprocessing = 0;
		};
/* End PBXSourcesBuildPhase section */

/* Begin PBXTargetDependency section */
		423978A12140B912005F4D20 /* PBXTargetDependency */ = {
			isa = PBXTargetDependency;
			target = 4239788A2140B911005F4D20 /* ADLoopViewDemo */;
			targetProxy = 423978A02140B912005F4D20 /* PBXContainerItemProxy */;
		};
		423978AC2140B912005F4D20 /* PBXTargetDependency */ = {
			isa = PBXTargetDependency;
			target = 4239788A2140B911005F4D20 /* ADLoopViewDemo */;
			targetProxy = 423978AB2140B912005F4D20 /* PBXContainerItemProxy */;
		};
/* End PBXTargetDependency section */

/* Begin PBXVariantGroup section */
		423978922140B911005F4D20 /* Main.storyboard */ = {
			isa = PBXVariantGroup;
			children = (
				423978932140B911005F4D20 /* Base */,
			);
			name = Main.storyboard;
			sourceTree = "<group>";
		};
		423978972140B912005F4D20 /* LaunchScreen.storyboard */ = {
			isa = PBXVariantGroup;
			children = (
				423978982140B912005F4D20 /* Base */,
			);
			name = LaunchScreen.storyboard;
			sourceTree = "<group>";
		};
/* End PBXVariantGroup section */

/* Begin XCBuildConfiguration section */
		423978B12140B912005F4D20 /* Debug */ = {
			isa = XCBuildConfiguration;
			buildSettings = {
				ALWAYS_SEARCH_USER_PATHS = NO;
				CLANG_ANALYZER_NONNULL = YES;
				CLANG_ANALYZER_NUMBER_OBJECT_CONVERSION = YES_AGGRESSIVE;
				CLANG_CXX_LANGUAGE_STANDARD = "gnu++14";
				CLANG_CXX_LIBRARY = "libc++";
				CLANG_ENABLE_MODULES = YES;
				CLANG_ENABLE_OBJC_ARC = YES;
				CLANG_ENABLE_OBJC_WEAK = YES;
				CLANG_WARN_BLOCK_CAPTURE_AUTORELEASING = YES;
				CLANG_WARN_BOOL_CONVERSION = YES;
				CLANG_WARN_COMMA = YES;
				CLANG_WARN_CONSTANT_CONVERSION = YES;
				CLANG_WARN_DEPRECATED_OBJC_IMPLEMENTATIONS = YES;
				CLANG_WARN_DIRECT_OBJC_ISA_USAGE = YES_ERROR;
				CLANG_WARN_DOCUMENTATION_COMMENTS = YES;
				CLANG_WARN_EMPTY_BODY = YES;
				CLANG_WARN_ENUM_CONVERSION = YES;
				CLANG_WARN_INFINITE_RECURSION = YES;
				CLANG_WARN_INT_CONVERSION = YES;
				CLANG_WARN_NON_LITERAL_NULL_CONVERSION = YES;
				CLANG_WARN_OBJC_IMPLICIT_RETAIN_SELF = YES;
				CLANG_WARN_OBJC_LITERAL_CONVERSION = YES;
				CLANG_WARN_OBJC_ROOT_CLASS = YES_ERROR;
				CLANG_WARN_RANGE_LOOP_ANALYSIS = YES;
				CLANG_WARN_STRICT_PROTOTYPES = YES;
				CLANG_WARN_SUSPICIOUS_MOVE = YES;
				CLANG_WARN_UNGUARDED_AVAILABILITY = YES_AGGRESSIVE;
				CLANG_WARN_UNREACHABLE_CODE = YES;
				CLANG_WARN__DUPLICATE_METHOD_MATCH = YES;
				CODE_SIGN_IDENTITY = "iPhone Developer";
				COPY_PHASE_STRIP = NO;
				DEBUG_INFORMATION_FORMAT = dwarf;
				ENABLE_STRICT_OBJC_MSGSEND = YES;
				ENABLE_TESTABILITY = YES;
				GCC_C_LANGUAGE_STANDARD = gnu11;
				GCC_DYNAMIC_NO_PIC = NO;
				GCC_NO_COMMON_BLOCKS = YES;
				GCC_OPTIMIZATION_LEVEL = 0;
				GCC_PREPROCESSOR_DEFINITIONS = (
					"DEBUG=1",
					"$(inherited)",
				);
				GCC_WARN_64_TO_32_BIT_CONVERSION = YES;
				GCC_WARN_ABOUT_RETURN_TYPE = YES_ERROR;
				GCC_WARN_UNDECLARED_SELECTOR = YES;
				GCC_WARN_UNINITIALIZED_AUTOS = YES_AGGRESSIVE;
				GCC_WARN_UNUSED_FUNCTION = YES;
				GCC_WARN_UNUSED_VARIABLE = YES;
				IPHONEOS_DEPLOYMENT_TARGET = 11.4;
				MTL_ENABLE_DEBUG_INFO = YES;
				ONLY_ACTIVE_ARCH = YES;
				SDKROOT = iphoneos;
				SWIFT_ACTIVE_COMPILATION_CONDITIONS = DEBUG;
				SWIFT_OPTIMIZATION_LEVEL = "-Onone";
			};
			name = Debug;
		};
		423978B22140B912005F4D20 /* Release */ = {
			isa = XCBuildConfiguration;
			buildSettings = {
				ALWAYS_SEARCH_USER_PATHS = NO;
				CLANG_ANALYZER_NONNULL = YES;
				CLANG_ANALYZER_NUMBER_OBJECT_CONVERSION = YES_AGGRESSIVE;
				CLANG_CXX_LANGUAGE_STANDARD = "gnu++14";
				CLANG_CXX_LIBRARY = "libc++";
				CLANG_ENABLE_MODULES = YES;
				CLANG_ENABLE_OBJC_ARC = YES;
				CLANG_ENABLE_OBJC_WEAK = YES;
				CLANG_WARN_BLOCK_CAPTURE_AUTORELEASING = YES;
				CLANG_WARN_BOOL_CONVERSION = YES;
				CLANG_WARN_COMMA = YES;
				CLANG_WARN_CONSTANT_CONVERSION = YES;
				CLANG_WARN_DEPRECATED_OBJC_IMPLEMENTATIONS = YES;
				CLANG_WARN_DIRECT_OBJC_ISA_USAGE = YES_ERROR;
				CLANG_WARN_DOCUMENTATION_COMMENTS = YES;
				CLANG_WARN_EMPTY_BODY = YES;
				CLANG_WARN_ENUM_CONVERSION = YES;
				CLANG_WARN_INFINITE_RECURSION = YES;
				CLANG_WARN_INT_CONVERSION = YES;
				CLANG_WARN_NON_LITERAL_NULL_CONVERSION = YES;
				CLANG_WARN_OBJC_IMPLICIT_RETAIN_SELF = YES;
				CLANG_WARN_OBJC_LITERAL_CONVERSION = YES;
				CLANG_WARN_OBJC_ROOT_CLASS = YES_ERROR;
				CLANG_WARN_RANGE_LOOP_ANALYSIS = YES;
				CLANG_WARN_STRICT_PROTOTYPES = YES;
				CLANG_WARN_SUSPICIOUS_MOVE = YES;
				CLANG_WARN_UNGUARDED_AVAILABILITY = YES_AGGRESSIVE;
				CLANG_WARN_UNREACHABLE_CODE = YES;
				CLANG_WARN__DUPLICATE_METHOD_MATCH = YES;
				CODE_SIGN_IDENTITY = "iPhone Developer";
				COPY_PHASE_STRIP = NO;
				DEBUG_INFORMATION_FORMAT = "dwarf-with-dsym";
				ENABLE_NS_ASSERTIONS = NO;
				ENABLE_STRICT_OBJC_MSGSEND = YES;
				GCC_C_LANGUAGE_STANDARD = gnu11;
				GCC_NO_COMMON_BLOCKS = YES;
				GCC_WARN_64_TO_32_BIT_CONVERSION = YES;
				GCC_WARN_ABOUT_RETURN_TYPE = YES_ERROR;
				GCC_WARN_UNDECLARED_SELECTOR = YES;
				GCC_WARN_UNINITIALIZED_AUTOS = YES_AGGRESSIVE;
				GCC_WARN_UNUSED_FUNCTION = YES;
				GCC_WARN_UNUSED_VARIABLE = YES;
				IPHONEOS_DEPLOYMENT_TARGET = 11.4;
				MTL_ENABLE_DEBUG_INFO = NO;
				SDKROOT = iphoneos;
				SWIFT_COMPILATION_MODE = wholemodule;
				SWIFT_OPTIMIZATION_LEVEL = "-O";
				VALIDATE_PRODUCT = YES;
			};
			name = Release;
		};
		423978B42140B912005F4D20 /* Debug */ = {
			isa = XCBuildConfiguration;
			buildSettings = {
				ASSETCATALOG_COMPILER_APPICON_NAME = AppIcon;
				CODE_SIGN_STYLE = Automatic;
				DEVELOPMENT_TEAM = 43959S3Q89;
				INFOPLIST_FILE = ADLoopViewDemo/Info.plist;
				LD_RUNPATH_SEARCH_PATHS = (
					"$(inherited)",
					"@executable_path/Frameworks",
				);
				PRODUCT_BUNDLE_IDENTIFIER = com.lijiabin.test.ADLoopViewDemo;
				PRODUCT_NAME = "$(TARGET_NAME)";
				SWIFT_VERSION = 4.0;
				TARGETED_DEVICE_FAMILY = "1,2";
			};
			name = Debug;
		};
		423978B52140B912005F4D20 /* Release */ = {
			isa = XCBuildConfiguration;
			buildSettings = {
				ASSETCATALOG_COMPILER_APPICON_NAME = AppIcon;
				CODE_SIGN_STYLE = Automatic;
				DEVELOPMENT_TEAM = 43959S3Q89;
				INFOPLIST_FILE = ADLoopViewDemo/Info.plist;
				LD_RUNPATH_SEARCH_PATHS = (
					"$(inherited)",
					"@executable_path/Frameworks",
				);
				PRODUCT_BUNDLE_IDENTIFIER = com.lijiabin.test.ADLoopViewDemo;
				PRODUCT_NAME = "$(TARGET_NAME)";
				SWIFT_VERSION = 4.0;
				TARGETED_DEVICE_FAMILY = "1,2";
			};
			name = Release;
		};
		423978B72140B912005F4D20 /* Debug */ = {
			isa = XCBuildConfiguration;
			buildSettings = {
				ALWAYS_EMBED_SWIFT_STANDARD_LIBRARIES = YES;
				BUNDLE_LOADER = "$(TEST_HOST)";
				CODE_SIGN_STYLE = Automatic;
				DEVELOPMENT_TEAM = 43959S3Q89;
				INFOPLIST_FILE = ADLoopViewDemoTests/Info.plist;
				LD_RUNPATH_SEARCH_PATHS = (
					"$(inherited)",
					"@executable_path/Frameworks",
					"@loader_path/Frameworks",
				);
				PRODUCT_BUNDLE_IDENTIFIER = com.lijiabin.test.ADLoopViewDemoTests;
				PRODUCT_NAME = "$(TARGET_NAME)";
				SWIFT_VERSION = 4.0;
				TARGETED_DEVICE_FAMILY = "1,2";
				TEST_HOST = "$(BUILT_PRODUCTS_DIR)/ADLoopViewDemo.app/ADLoopViewDemo";
			};
			name = Debug;
		};
		423978B82140B912005F4D20 /* Release */ = {
			isa = XCBuildConfiguration;
			buildSettings = {
				ALWAYS_EMBED_SWIFT_STANDARD_LIBRARIES = YES;
				BUNDLE_LOADER = "$(TEST_HOST)";
				CODE_SIGN_STYLE = Automatic;
				DEVELOPMENT_TEAM = 43959S3Q89;
				INFOPLIST_FILE = ADLoopViewDemoTests/Info.plist;
				LD_RUNPATH_SEARCH_PATHS = (
					"$(inherited)",
					"@executable_path/Frameworks",
					"@loader_path/Frameworks",
				);
				PRODUCT_BUNDLE_IDENTIFIER = com.lijiabin.test.ADLoopViewDemoTests;
				PRODUCT_NAME = "$(TARGET_NAME)";
				SWIFT_VERSION = 4.0;
				TARGETED_DEVICE_FAMILY = "1,2";
				TEST_HOST = "$(BUILT_PRODUCTS_DIR)/ADLoopViewDemo.app/ADLoopViewDemo";
			};
			name = Release;
		};
		423978BA2140B912005F4D20 /* Debug */ = {
			isa = XCBuildConfiguration;
			buildSettings = {
				ALWAYS_EMBED_SWIFT_STANDARD_LIBRARIES = YES;
				CODE_SIGN_STYLE = Automatic;
				DEVELOPMENT_TEAM = 43959S3Q89;
				INFOPLIST_FILE = ADLoopViewDemoUITests/Info.plist;
				LD_RUNPATH_SEARCH_PATHS = (
					"$(inherited)",
					"@executable_path/Frameworks",
					"@loader_path/Frameworks",
				);
				PRODUCT_BUNDLE_IDENTIFIER = com.lijiabin.test.ADLoopViewDemoUITests;
				PRODUCT_NAME = "$(TARGET_NAME)";
				SWIFT_VERSION = 4.0;
				TARGETED_DEVICE_FAMILY = "1,2";
				TEST_TARGET_NAME = ADLoopViewDemo;
			};
			name = Debug;
		};
		423978BB2140B912005F4D20 /* Release */ = {
			isa = XCBuildConfiguration;
			buildSettings = {
				ALWAYS_EMBED_SWIFT_STANDARD_LIBRARIES = YES;
				CODE_SIGN_STYLE = Automatic;
				DEVELOPMENT_TEAM = 43959S3Q89;
				INFOPLIST_FILE = ADLoopViewDemoUITests/Info.plist;
				LD_RUNPATH_SEARCH_PATHS = (
					"$(inherited)",
					"@executable_path/Frameworks",
					"@loader_path/Frameworks",
				);
				PRODUCT_BUNDLE_IDENTIFIER = com.lijiabin.test.ADLoopViewDemoUITests;
				PRODUCT_NAME = "$(TARGET_NAME)";
				SWIFT_VERSION = 4.0;
				TARGETED_DEVICE_FAMILY = "1,2";
				TEST_TARGET_NAME = ADLoopViewDemo;
			};
			name = Release;
		};
/* End XCBuildConfiguration section */

/* Begin XCConfigurationList section */
		423978862140B911005F4D20 /* Build configuration list for PBXProject "ADLoopViewDemo" */ = {
			isa = XCConfigurationList;
			buildConfigurations = (
				423978B12140B912005F4D20 /* Debug */,
				423978B22140B912005F4D20 /* Release */,
			);
			defaultConfigurationIsVisible = 0;
			defaultConfigurationName = Release;
		};
		423978B32140B912005F4D20 /* Build configuration list for PBXNativeTarget "ADLoopViewDemo" */ = {
			isa = XCConfigurationList;
			buildConfigurations = (
				423978B42140B912005F4D20 /* Debug */,
				423978B52140B912005F4D20 /* Release */,
			);
			defaultConfigurationIsVisible = 0;
			defaultConfigurationName = Release;
		};
		423978B62140B912005F4D20 /* Build configuration list for PBXNativeTarget "ADLoopViewDemoTests" */ = {
			isa = XCConfigurationList;
			buildConfigurations = (
				423978B72140B912005F4D20 /* Debug */,
				423978B82140B912005F4D20 /* Release */,
			);
			defaultConfigurationIsVisible = 0;
			defaultConfigurationName = Release;
		};
		423978B92140B912005F4D20 /* Build configuration list for PBXNativeTarget "ADLoopViewDemoUITests" */ = {
			isa = XCConfigurationList;
			buildConfigurations = (
				423978BA2140B912005F4D20 /* Debug */,
				423978BB2140B912005F4D20 /* Release */,
			);
			defaultConfigurationIsVisible = 0;
			defaultConfigurationName = Release;
		};
/* End XCConfigurationList section */
	};
	rootObject = 423978832140B911005F4D20 /* Project object */;
}
